// !$*UTF8*$!
{
	archiveVersion = 1;
	classes = {
	};
	objectVersion = 50;
	objects = {

/* Begin PBXBuildFile section */
		6D65299923750F7500E931C9 /* AppDelegate.swift in Sources */ = {isa = PBXBuildFile; fileRef = 6D65299823750F7500E931C9 /* AppDelegate.swift */; };
		6D65299B23750F7500E931C9 /* SceneDelegate.swift in Sources */ = {isa = PBXBuildFile; fileRef = 6D65299A23750F7500E931C9 /* SceneDelegate.swift */; };
		6D65299D23750F7500E931C9 /* ViewController.swift in Sources */ = {isa = PBXBuildFile; fileRef = 6D65299C23750F7500E931C9 /* ViewController.swift */; };
		6D6529A023750F7500E931C9 /* Main.storyboard in Resources */ = {isa = PBXBuildFile; fileRef = 6D65299E23750F7500E931C9 /* Main.storyboard */; };
		6D6529A223750F7700E931C9 /* Assets.xcassets in Resources */ = {isa = PBXBuildFile; fileRef = 6D6529A123750F7700E931C9 /* Assets.xcassets */; };
		6D6529A523750F7700E931C9 /* LaunchScreen.storyboard in Resources */ = {isa = PBXBuildFile; fileRef = 6D6529A323750F7700E931C9 /* LaunchScreen.storyboard */; };
		6D6529AD23750FCE00E931C9 /* BallView.swift in Sources */ = {isa = PBXBuildFile; fileRef = 6D6529AC23750FCE00E931C9 /* BallView.swift */; };
		6D6529AF23751A9000E931C9 /* Moving1ViewController.swift in Sources */ = {isa = PBXBuildFile; fileRef = 6D6529AE23751A9000E931C9 /* Moving1ViewController.swift */; };
		6D6529B1237559A500E931C9 /* Moving2ViewController.swift in Sources */ = {isa = PBXBuildFile; fileRef = 6D6529B0237559A500E931C9 /* Moving2ViewController.swift */; };
		6D6529F22378381500E931C9 /* Moving3ViewController.swift in Sources */ = {isa = PBXBuildFile; fileRef = 6D6529F12378381500E931C9 /* Moving3ViewController.swift */; };
/* End PBXBuildFile section */

/* Begin PBXFileReference section */
		6D65299523750F7500E931C9 /* Day11_UI_exercises.app */ = {isa = PBXFileReference; explicitFileType = wrapper.application; includeInIndex = 0; path = Day11_UI_exercises.app; sourceTree = BUILT_PRODUCTS_DIR; };
		6D65299823750F7500E931C9 /* AppDelegate.swift */ = {isa = PBXFileReference; lastKnownFileType = sourcecode.swift; path = AppDelegate.swift; sourceTree = "<group>"; };
		6D65299A23750F7500E931C9 /* SceneDelegate.swift */ = {isa = PBXFileReference; lastKnownFileType = sourcecode.swift; path = SceneDelegate.swift; sourceTree = "<group>"; };
		6D65299C23750F7500E931C9 /* ViewController.swift */ = {isa = PBXFileReference; lastKnownFileType = sourcecode.swift; path = ViewController.swift; sourceTree = "<group>"; };
		6D65299F23750F7500E931C9 /* Base */ = {isa = PBXFileReference; lastKnownFileType = file.storyboard; name = Base; path = Base.lproj/Main.storyboard; sourceTree = "<group>"; };
		6D6529A123750F7700E931C9 /* Assets.xcassets */ = {isa = PBXFileReference; lastKnownFileType = folder.assetcatalog; path = Assets.xcassets; sourceTree = "<group>"; };
		6D6529A423750F7700E931C9 /* Base */ = {isa = PBXFileReference; lastKnownFileType = file.storyboard; name = Base; path = Base.lproj/LaunchScreen.storyboard; sourceTree = "<group>"; };
		6D6529A623750F7700E931C9 /* Info.plist */ = {isa = PBXFileReference; lastKnownFileType = text.plist.xml; path = Info.plist; sourceTree = "<group>"; };
		6D6529AC23750FCE00E931C9 /* BallView.swift */ = {isa = PBXFileReference; lastKnownFileType = sourcecode.swift; path = BallView.swift; sourceTree = "<group>"; };
		6D6529AE23751A9000E931C9 /* Moving1ViewController.swift */ = {isa = PBXFileReference; lastKnownFileType = sourcecode.swift; path = Moving1ViewController.swift; sourceTree = "<group>"; };
		6D6529B0237559A500E931C9 /* Moving2ViewController.swift */ = {isa = PBXFileReference; lastKnownFileType = sourcecode.swift; path = Moving2ViewController.swift; sourceTree = "<group>"; };
		6D6529F12378381500E931C9 /* Moving3ViewController.swift */ = {isa = PBXFileReference; lastKnownFileType = sourcecode.swift; path = Moving3ViewController.swift; sourceTree = "<group>"; };
/* End PBXFileReference section */

/* Begin PBXFrameworksBuildPhase section */
		6D65299223750F7400E931C9 /* Frameworks */ = {
			isa = PBXFrameworksBuildPhase;
			buildActionMask = 2147483647;
			files = (
			);
			runOnlyForDeploymentPostprocessing = 0;
		};
/* End PBXFrameworksBuildPhase section */

/* Begin PBXGroup section */
		6D65298C23750F7400E931C9 = {
			isa = PBXGroup;
			children = (
				6D65299723750F7500E931C9 /* Day11_UI_exercises */,
				6D65299623750F7500E931C9 /* Products */,
			);
			sourceTree = "<group>";
		};
		6D65299623750F7500E931C9 /* Products */ = {
			isa = PBXGroup;
			children = (
				6D65299523750F7500E931C9 /* Day11_UI_exercises.app */,
			);
			name = Products;
			sourceTree = "<group>";
		};
		6D65299723750F7500E931C9 /* Day11_UI_exercises */ = {
			isa = PBXGroup;
			children = (
				6D65299823750F7500E931C9 /* AppDelegate.swift */,
				6D65299A23750F7500E931C9 /* SceneDelegate.swift */,
				6D65299C23750F7500E931C9 /* ViewController.swift */,
				6D6529AE23751A9000E931C9 /* Moving1ViewController.swift */,
				6D6529B0237559A500E931C9 /* Moving2ViewController.swift */,
				6D6529F12378381500E931C9 /* Moving3ViewController.swift */,
				6D65299E23750F7500E931C9 /* Main.storyboard */,
				6D6529A123750F7700E931C9 /* Assets.xcassets */,
				6D6529A323750F7700E931C9 /* LaunchScreen.storyboard */,
				6D6529A623750F7700E931C9 /* Info.plist */,
				6D6529AC23750FCE00E931C9 /* BallView.swift */,
			);
			path = Day11_UI_exercises;
			sourceTree = "<group>";
		};
/* End PBXGroup section */

/* Begin PBXNativeTarget section */
		6D65299423750F7400E931C9 /* Day11_UI_exercises */ = {
			isa = PBXNativeTarget;
			buildConfigurationList = 6D6529A923750F7700E931C9 /* Build configuration list for PBXNativeTarget "Day11_UI_exercises" */;
			buildPhases = (
				6D65299123750F7400E931C9 /* Sources */,
				6D65299223750F7400E931C9 /* Frameworks */,
				6D65299323750F7400E931C9 /* Resources */,
			);
			buildRules = (
			);
			dependencies = (
			);
			name = Day11_UI_exercises;
			productName = Day11_UI_exercises;
			productReference = 6D65299523750F7500E931C9 /* Day11_UI_exercises.app */;
			productType = "com.apple.product-type.application";
		};
/* End PBXNativeTarget section */

/* Begin PBXProject section */
		6D65298D23750F7400E931C9 /* Project object */ = {
			isa = PBXProject;
			attributes = {
				LastSwiftUpdateCheck = 1110;
				LastUpgradeCheck = 1110;
				ORGANIZATIONNAME = "Hoang Tung";
				TargetAttributes = {
					6D65299423750F7400E931C9 = {
						CreatedOnToolsVersion = 11.1;
					};
				};
			};
			buildConfigurationList = 6D65299023750F7400E931C9 /* Build configuration list for PBXProject "Day11_UI_exercises" */;
			compatibilityVersion = "Xcode 9.3";
			developmentRegion = en;
			hasScannedForEncodings = 0;
			knownRegions = (
				en,
				Base,
			);
			mainGroup = 6D65298C23750F7400E931C9;
			productRefGroup = 6D65299623750F7500E931C9 /* Products */;
			projectDirPath = "";
			projectRoot = "";
			targets = (
				6D65299423750F7400E931C9 /* Day11_UI_exercises */,
			);
		};
/* End PBXProject section */

/* Begin PBXResourcesBuildPhase section */
		6D65299323750F7400E931C9 /* Resources */ = {
			isa = PBXResourcesBuildPhase;
			buildActionMask = 2147483647;
			files = (
				6D6529A523750F7700E931C9 /* LaunchScreen.storyboard in Resources */,
				6D6529A223750F7700E931C9 /* Assets.xcassets in Resources */,
				6D6529A023750F7500E931C9 /* Main.storyboard in Resources */,
			);
			runOnlyForDeploymentPostprocessing = 0;
		};
/* End PBXResourcesBuildPhase section */

/* Begin PBXSourcesBuildPhase section */
		6D65299123750F7400E931C9 /* Sources */ = {
			isa = PBXSourcesBuildPhase;
			buildActionMask = 2147483647;
			files = (
				6D6529F22378381500E931C9 /* Moving3ViewController.swift in Sources */,
				6D6529AF23751A9000E931C9 /* Moving1ViewController.swift in Sources */,
				6D65299D23750F7500E931C9 /* ViewController.swift in Sources */,
				6D65299923750F7500E931C9 /* AppDelegate.swift in Sources */,
				6D6529B1237559A500E931C9 /* Moving2ViewController.swift in Sources */,
				6D65299B23750F7500E931C9 /* SceneDelegate.swift in Sources */,
				6D6529AD23750FCE00E931C9 /* BallView.swift in Sources */,
			);
			runOnlyForDeploymentPostprocessing = 0;
		};
/* End PBXSourcesBuildPhase section */

/* Begin PBXVariantGroup section */
		6D65299E23750F7500E931C9 /* Main.storyboard */ = {
			isa = PBXVariantGroup;
			children = (
				6D65299F23750F7500E931C9 /* Base */,
			);
			name = Main.storyboard;
			sourceTree = "<group>";
		};
		6D6529A323750F7700E931C9 /* LaunchScreen.storyboard */ = {
			isa = PBXVariantGroup;
			children = (
				6D6529A423750F7700E931C9 /* Base */,
			);
			name = LaunchScreen.storyboard;
			sourceTree = "<group>";
		};
/* End PBXVariantGroup section */

/* Begin XCBuildConfiguration section */
		6D6529A723750F7700E931C9 /* Debug */ = {
			isa = XCBuildConfiguration;
			buildSettings = {
				ALWAYS_SEARCH_USER_PATHS = NO;
				CLANG_ANALYZER_NONNULL = YES;
				CLANG_ANALYZER_NUMBER_OBJECT_CONVERSION = YES_AGGRESSIVE;
				CLANG_CXX_LANGUAGE_STANDARD = "gnu++14";
				CLANG_CXX_LIBRARY = "libc++";
				CLANG_ENABLE_MODULES = YES;
				CLANG_ENABLE_OBJC_ARC = YES;
				CLANG_ENABLE_OBJC_WEAK = YES;
				CLANG_WARN_BLOCK_CAPTURE_AUTORELEASING = YES;
				CLANG_WARN_BOOL_CONVERSION = YES;
				CLANG_WARN_COMMA = YES;
				CLANG_WARN_CONSTANT_CONVERSION = YES;
				CLANG_WARN_DEPRECATED_OBJC_IMPLEMENTATIONS = YES;
				CLANG_WARN_DIRECT_OBJC_ISA_USAGE = YES_ERROR;
				CLANG_WARN_DOCUMENTATION_COMMENTS = YES;
				CLANG_WARN_EMPTY_BODY = YES;
				CLANG_WARN_ENUM_CONVERSION = YES;
				CLANG_WARN_INFINITE_RECURSION = YES;
				CLANG_WARN_INT_CONVERSION = YES;
				CLANG_WARN_NON_LITERAL_NULL_CONVERSION = YES;
				CLANG_WARN_OBJC_IMPLICIT_RETAIN_SELF = YES;
				CLANG_WARN_OBJC_LITERAL_CONVERSION = YES;
				CLANG_WARN_OBJC_ROOT_CLASS = YES_ERROR;
				CLANG_WARN_RANGE_LOOP_ANALYSIS = YES;
				CLANG_WARN_STRICT_PROTOTYPES = YES;
				CLANG_WARN_SUSPICIOUS_MOVE = YES;
				CLANG_WARN_UNGUARDED_AVAILABILITY = YES_AGGRESSIVE;
				CLANG_WARN_UNREACHABLE_CODE = YES;
				CLANG_WARN__DUPLICATE_METHOD_MATCH = YES;
				COPY_PHASE_STRIP = NO;
				DEBUG_INFORMATION_FORMAT = dwarf;
				ENABLE_STRICT_OBJC_MSGSEND = YES;
				ENABLE_TESTABILITY = YES;
				GCC_C_LANGUAGE_STANDARD = gnu11;
				GCC_DYNAMIC_NO_PIC = NO;
				GCC_NO_COMMON_BLOCKS = YES;
				GCC_OPTIMIZATION_LEVEL = 0;
				GCC_PREPROCESSOR_DEFINITIONS = (
					"DEBUG=1",
					"$(inherited)",
				);
				GCC_WARN_64_TO_32_BIT_CONVERSION = YES;
				GCC_WARN_ABOUT_RETURN_TYPE = YES_ERROR;
				GCC_WARN_UNDECLARED_SELECTOR = YES;
				GCC_WARN_UNINITIALIZED_AUTOS = YES_AGGRESSIVE;
				GCC_WARN_UNUSED_FUNCTION = YES;
				GCC_WARN_UNUSED_VARIABLE = YES;
				IPHONEOS_DEPLOYMENT_TARGET = 13.1;
				MTL_ENABLE_DEBUG_INFO = INCLUDE_SOURCE;
				MTL_FAST_MATH = YES;
				ONLY_ACTIVE_ARCH = YES;
				SDKROOT = iphoneos;
				SWIFT_ACTIVE_COMPILATION_CONDITIONS = DEBUG;
				SWIFT_OPTIMIZATION_LEVEL = "-Onone";
			};
			name = Debug;
		};
		6D6529A823750F7700E931C9 /* Release */ = {
			isa = XCBuildConfiguration;
			buildSettings = {
				ALWAYS_SEARCH_USER_PATHS = NO;
				CLANG_ANALYZER_NONNULL = YES;
				CLANG_ANALYZER_NUMBER_OBJECT_CONVERSION = YES_AGGRESSIVE;
				CLANG_CXX_LANGUAGE_STANDARD = "gnu++14";
				CLANG_CXX_LIBRARY = "libc++";
				CLANG_ENABLE_MODULES = YES;
				CLANG_ENABLE_OBJC_ARC = YES;
				CLANG_ENABLE_OBJC_WEAK = YES;
				CLANG_WARN_BLOCK_CAPTURE_AUTORELEASING = YES;
				CLANG_WARN_BOOL_CONVERSION = YES;
				CLANG_WARN_COMMA = YES;
				CLANG_WARN_CONSTANT_CONVERSION = YES;
				CLANG_WARN_DEPRECATED_OBJC_IMPLEMENTATIONS = YES;
				CLANG_WARN_DIRECT_OBJC_ISA_USAGE = YES_ERROR;
				CLANG_WARN_DOCUMENTATION_COMMENTS = YES;
				CLANG_WARN_EMPTY_BODY = YES;
				CLANG_WARN_ENUM_CONVERSION = YES;
				CLANG_WARN_INFINITE_RECURSION = YES;
				CLANG_WARN_INT_CONVERSION = YES;
				CLANG_WARN_NON_LITERAL_NULL_CONVERSION = YES;
				CLANG_WARN_OBJC_IMPLICIT_RETAIN_SELF = YES;
				CLANG_WARN_OBJC_LITERAL_CONVERSION = YES;
				CLANG_WARN_OBJC_ROOT_CLASS = YES_ERROR;
				CLANG_WARN_RANGE_LOOP_ANALYSIS = YES;
				CLANG_WARN_STRICT_PROTOTYPES = YES;
				CLANG_WARN_SUSPICIOUS_MOVE = YES;
				CLANG_WARN_UNGUARDED_AVAILABILITY = YES_AGGRESSIVE;
				CLANG_WARN_UNREACHABLE_CODE = YES;
				CLANG_WARN__DUPLICATE_METHOD_MATCH = YES;
				COPY_PHASE_STRIP = NO;
				DEBUG_INFORMATION_FORMAT = "dwarf-with-dsym";
				ENABLE_NS_ASSERTIONS = NO;
				ENABLE_STRICT_OBJC_MSGSEND = YES;
				GCC_C_LANGUAGE_STANDARD = gnu11;
				GCC_NO_COMMON_BLOCKS = YES;
				GCC_WARN_64_TO_32_BIT_CONVERSION = YES;
				GCC_WARN_ABOUT_RETURN_TYPE = YES_ERROR;
				GCC_WARN_UNDECLARED_SELECTOR = YES;
				GCC_WARN_UNINITIALIZED_AUTOS = YES_AGGRESSIVE;
				GCC_WARN_UNUSED_FUNCTION = YES;
				GCC_WARN_UNUSED_VARIABLE = YES;
				IPHONEOS_DEPLOYMENT_TARGET = 13.1;
				MTL_ENABLE_DEBUG_INFO = NO;
				MTL_FAST_MATH = YES;
				SDKROOT = iphoneos;
				SWIFT_COMPILATION_MODE = wholemodule;
				SWIFT_OPTIMIZATION_LEVEL = "-O";
				VALIDATE_PRODUCT = YES;
			};
			name = Release;
		};
		6D6529AA23750F7700E931C9 /* Debug */ = {
			isa = XCBuildConfiguration;
			buildSettings = {
				ASSETCATALOG_COMPILER_APPICON_NAME = AppIcon;
				CODE_SIGN_STYLE = Automatic;
				DEVELOPMENT_TEAM = 448WS6UWDS;
				INFOPLIST_FILE = Day11_UI_exercises/Info.plist;
				LD_RUNPATH_SEARCH_PATHS = (
					"$(inherited)",
					"@executable_path/Frameworks",
				);
				PRODUCT_BUNDLE_IDENTIFIER = "tung.Day11-UI-exercises";
				PRODUCT_NAME = "$(TARGET_NAME)";
				SWIFT_VERSION = 5.0;
				TARGETED_DEVICE_FAMILY = "1,2";
			};
			name = Debug;
		};
		6D6529AB23750F7700E931C9 /* Release */ = {
			isa = XCBuildConfiguration;
			buildSettings = {
				ASSETCATALOG_COMPILER_APPICON_NAME = AppIcon;
				CODE_SIGN_STYLE = Automatic;
				DEVELOPMENT_TEAM = 448WS6UWDS;
				INFOPLIST_FILE = Day11_UI_exercises/Info.plist;
				LD_RUNPATH_SEARCH_PATHS = (
					"$(inherited)",
					"@executable_path/Frameworks",
				);
				PRODUCT_BUNDLE_IDENTIFIER = "tung.Day11-UI-exercises";
				PRODUCT_NAME = "$(TARGET_NAME)";
				SWIFT_VERSION = 5.0;
				TARGETED_DEVICE_FAMILY = "1,2";
			};
			name = Release;
		};
/* End XCBuildConfiguration section */

/* Begin XCConfigurationList section */
		6D65299023750F7400E931C9 /* Build configuration list for PBXProject "Day11_UI_exercises" */ = {
			isa = XCConfigurationList;
			buildConfigurations = (
				6D6529A723750F7700E931C9 /* Debug */,
				6D6529A823750F7700E931C9 /* Release */,
			);
			defaultConfigurationIsVisible = 0;
			defaultConfigurationName = Release;
		};
		6D6529A923750F7700E931C9 /* Build configuration list for PBXNativeTarget "Day11_UI_exercises" */ = {
			isa = XCConfigurationList;
			buildConfigurations = (
				6D6529AA23750F7700E931C9 /* Debug */,
				6D6529AB23750F7700E931C9 /* Release */,
			);
			defaultConfigurationIsVisible = 0;
			defaultConfigurationName = Release;
		};
/* End XCConfigurationList section */
	};
	rootObject = 6D65298D23750F7400E931C9 /* Project object */;
}
